// !$*UTF8*$!
{
	archiveVersion = 1;
	classes = {
	};
	objectVersion = 46;
	objects = {

/* Begin PBXBuildFile section */
		4626AC891AA14FE800A77A0E /* AppDelegate.swift in Sources */ = {isa = PBXBuildFile; fileRef = 4626AC881AA14FE800A77A0E /* AppDelegate.swift */; };
		4626AC8B1AA14FE800A77A0E /* ViewController.swift in Sources */ = {isa = PBXBuildFile; fileRef = 4626AC8A1AA14FE800A77A0E /* ViewController.swift */; };
		4626AC8E1AA14FE800A77A0E /* Main.storyboard in Resources */ = {isa = PBXBuildFile; fileRef = 4626AC8C1AA14FE800A77A0E /* Main.storyboard */; };
		4626AC901AA14FE800A77A0E /* Images.xcassets in Resources */ = {isa = PBXBuildFile; fileRef = 4626AC8F1AA14FE800A77A0E /* Images.xcassets */; };
		4626AC931AA14FE800A77A0E /* LaunchScreen.xib in Resources */ = {isa = PBXBuildFile; fileRef = 4626AC911AA14FE800A77A0E /* LaunchScreen.xib */; };
		4626AC9F1AA14FE800A77A0E /* testtttTests.swift in Sources */ = {isa = PBXBuildFile; fileRef = 4626AC9E1AA14FE800A77A0E /* testtttTests.swift */; };
/* End PBXBuildFile section */

/* Begin PBXContainerItemProxy section */
		4626AC991AA14FE800A77A0E /* PBXContainerItemProxy */ = {
			isa = PBXContainerItemProxy;
			containerPortal = 4626AC7B1AA14FE800A77A0E /* Project object */;
			proxyType = 1;
			remoteGlobalIDString = 4626AC821AA14FE800A77A0E;
			remoteInfo = testttt;
		};
/* End PBXContainerItemProxy section */

/* Begin PBXFileReference section */
		4626AC831AA14FE800A77A0E /* testttt.app */ = {isa = PBXFileReference; explicitFileType = wrapper.application; includeInIndex = 0; path = testttt.app; sourceTree = BUILT_PRODUCTS_DIR; };
		4626AC871AA14FE800A77A0E /* Info.plist */ = {isa = PBXFileReference; lastKnownFileType = text.plist.xml; path = Info.plist; sourceTree = "<group>"; };
		4626AC881AA14FE800A77A0E /* AppDelegate.swift */ = {isa = PBXFileReference; lastKnownFileType = sourcecode.swift; path = AppDelegate.swift; sourceTree = "<group>"; };
		4626AC8A1AA14FE800A77A0E /* ViewController.swift */ = {isa = PBXFileReference; lastKnownFileType = sourcecode.swift; path = ViewController.swift; sourceTree = "<group>"; };
		4626AC8D1AA14FE800A77A0E /* Base */ = {isa = PBXFileReference; lastKnownFileType = file.storyboard; name = Base; path = Base.lproj/Main.storyboard; sourceTree = "<group>"; };
		4626AC8F1AA14FE800A77A0E /* Images.xcassets */ = {isa = PBXFileReference; lastKnownFileType = folder.assetcatalog; path = Images.xcassets; sourceTree = "<group>"; };
		4626AC921AA14FE800A77A0E /* Base */ = {isa = PBXFileReference; lastKnownFileType = file.xib; name = Base; path = Base.lproj/LaunchScreen.xib; sourceTree = "<group>"; };
		4626AC981AA14FE800A77A0E /* testtttTests.xctest */ = {isa = PBXFileReference; explicitFileType = wrapper.cfbundle; includeInIndex = 0; path = testtttTests.xctest; sourceTree = BUILT_PRODUCTS_DIR; };
		4626AC9D1AA14FE800A77A0E /* Info.plist */ = {isa = PBXFileReference; lastKnownFileType = text.plist.xml; path = Info.plist; sourceTree = "<group>"; };
		4626AC9E1AA14FE800A77A0E /* testtttTests.swift */ = {isa = PBXFileReference; lastKnownFileType = sourcecode.swift; path = testtttTests.swift; sourceTree = "<group>"; };
/* End PBXFileReference section */

/* Begin PBXFrameworksBuildPhase section */
		4626AC801AA14FE800A77A0E /* Frameworks */ = {
			isa = PBXFrameworksBuildPhase;
			buildActionMask = 2147483647;
			files = (
			);
			runOnlyForDeploymentPostprocessing = 0;
		};
		4626AC951AA14FE800A77A0E /* Frameworks */ = {
			isa = PBXFrameworksBuildPhase;
			buildActionMask = 2147483647;
			files = (
			);
			runOnlyForDeploymentPostprocessing = 0;
		};
/* End PBXFrameworksBuildPhase section */

/* Begin PBXGroup section */
		4626AC7A1AA14FE800A77A0E = {
			isa = PBXGroup;
			children = (
				4626AC851AA14FE800A77A0E /* testttt */,
				4626AC9B1AA14FE800A77A0E /* testtttTests */,
				4626AC841AA14FE800A77A0E /* Products */,
			);
			sourceTree = "<group>";
		};
		4626AC841AA14FE800A77A0E /* Products */ = {
			isa = PBXGroup;
			children = (
				4626AC831AA14FE800A77A0E /* testttt.app */,
				4626AC981AA14FE800A77A0E /* testtttTests.xctest */,
			);
			name = Products;
			sourceTree = "<group>";
		};
		4626AC851AA14FE800A77A0E /* testttt */ = {
			isa = PBXGroup;
			children = (
				4626AC881AA14FE800A77A0E /* AppDelegate.swift */,
				4626AC8A1AA14FE800A77A0E /* ViewController.swift */,
				4626AC8C1AA14FE800A77A0E /* Main.storyboard */,
				4626AC8F1AA14FE800A77A0E /* Images.xcassets */,
				4626AC911AA14FE800A77A0E /* LaunchScreen.xib */,
				4626AC861AA14FE800A77A0E /* Supporting Files */,
			);
			path = testttt;
			sourceTree = "<group>";
		};
		4626AC861AA14FE800A77A0E /* Supporting Files */ = {
			isa = PBXGroup;
			children = (
				4626AC871AA14FE800A77A0E /* Info.plist */,
			);
			name = "Supporting Files";
			sourceTree = "<group>";
		};
		4626AC9B1AA14FE800A77A0E /* testtttTests */ = {
			isa = PBXGroup;
			children = (
				4626AC9E1AA14FE800A77A0E /* testtttTests.swift */,
				4626AC9C1AA14FE800A77A0E /* Supporting Files */,
			);
			path = testtttTests;
			sourceTree = "<group>";
		};
		4626AC9C1AA14FE800A77A0E /* Supporting Files */ = {
			isa = PBXGroup;
			children = (
				4626AC9D1AA14FE800A77A0E /* Info.plist */,
			);
			name = "Supporting Files";
			sourceTree = "<group>";
		};
/* End PBXGroup section */

/* Begin PBXNativeTarget section */
		4626AC821AA14FE800A77A0E /* testttt */ = {
			isa = PBXNativeTarget;
			buildConfigurationList = 4626ACA21AA14FE800A77A0E /* Build configuration list for PBXNativeTarget "testttt" */;
			buildPhases = (
				4626AC7F1AA14FE800A77A0E /* Sources */,
				4626AC801AA14FE800A77A0E /* Frameworks */,
				4626AC811AA14FE800A77A0E /* Resources */,
			);
			buildRules = (
			);
			dependencies = (
			);
			name = testttt;
			productName = testttt;
			productReference = 4626AC831AA14FE800A77A0E /* testttt.app */;
			productType = "com.apple.product-type.application";
		};
		4626AC971AA14FE800A77A0E /* testtttTests */ = {
			isa = PBXNativeTarget;
			buildConfigurationList = 4626ACA51AA14FE800A77A0E /* Build configuration list for PBXNativeTarget "testtttTests" */;
			buildPhases = (
				4626AC941AA14FE800A77A0E /* Sources */,
				4626AC951AA14FE800A77A0E /* Frameworks */,
				4626AC961AA14FE800A77A0E /* Resources */,
			);
			buildRules = (
			);
			dependencies = (
				4626AC9A1AA14FE800A77A0E /* PBXTargetDependency */,
			);
			name = testtttTests;
			productName = testtttTests;
			productReference = 4626AC981AA14FE800A77A0E /* testtttTests.xctest */;
			productType = "com.apple.product-type.bundle.unit-test";
		};
/* End PBXNativeTarget section */

/* Begin PBXProject section */
		4626AC7B1AA14FE800A77A0E /* Project object */ = {
			isa = PBXProject;
			attributes = {
				LastUpgradeCheck = 0610;
				ORGANIZATIONNAME = watakemi725;
				TargetAttributes = {
					4626AC821AA14FE800A77A0E = {
						CreatedOnToolsVersion = 6.1.1;
					};
					4626AC971AA14FE800A77A0E = {
						CreatedOnToolsVersion = 6.1.1;
						TestTargetID = 4626AC821AA14FE800A77A0E;
					};
				};
			};
			buildConfigurationList = 4626AC7E1AA14FE800A77A0E /* Build configuration list for PBXProject "testttt" */;
			compatibilityVersion = "Xcode 3.2";
			developmentRegion = English;
			hasScannedForEncodings = 0;
			knownRegions = (
				en,
				Base,
			);
			mainGroup = 4626AC7A1AA14FE800A77A0E;
			productRefGroup = 4626AC841AA14FE800A77A0E /* Products */;
			projectDirPath = "";
			projectRoot = "";
			targets = (
				4626AC821AA14FE800A77A0E /* testttt */,
				4626AC971AA14FE800A77A0E /* testtttTests */,
			);
		};
/* End PBXProject section */

/* Begin PBXResourcesBuildPhase section */
		4626AC811AA14FE800A77A0E /* Resources */ = {
			isa = PBXResourcesBuildPhase;
			buildActionMask = 2147483647;
			files = (
				4626AC8E1AA14FE800A77A0E /* Main.storyboard in Resources */,
				4626AC931AA14FE800A77A0E /* LaunchScreen.xib in Resources */,
				4626AC901AA14FE800A77A0E /* Images.xcassets in Resources */,
			);
			runOnlyForDeploymentPostprocessing = 0;
		};
		4626AC961AA14FE800A77A0E /* Resources */ = {
			isa = PBXResourcesBuildPhase;
			buildActionMask = 2147483647;
			files = (
			);
			runOnlyForDeploymentPostprocessing = 0;
		};
/* End PBXResourcesBuildPhase section */

/* Begin PBXSourcesBuildPhase section */
		4626AC7F1AA14FE800A77A0E /* Sources */ = {
			isa = PBXSourcesBuildPhase;
			buildActionMask = 2147483647;
			files = (
				4626AC8B1AA14FE800A77A0E /* ViewController.swift in Sources */,
				4626AC891AA14FE800A77A0E /* AppDelegate.swift in Sources */,
			);
			runOnlyForDeploymentPostprocessing = 0;
		};
		4626AC941AA14FE800A77A0E /* Sources */ = {
			isa = PBXSourcesBuildPhase;
			buildActionMask = 2147483647;
			files = (
				4626AC9F1AA14FE800A77A0E /* testtttTests.swift in Sources */,
			);
			runOnlyForDeploymentPostprocessing = 0;
		};
/* End PBXSourcesBuildPhase section */

/* Begin PBXTargetDependency section */
		4626AC9A1AA14FE800A77A0E /* PBXTargetDependency */ = {
			isa = PBXTargetDependency;
			target = 4626AC821AA14FE800A77A0E /* testttt */;
			targetProxy = 4626AC991AA14FE800A77A0E /* PBXContainerItemProxy */;
		};
/* End PBXTargetDependency section */

/* Begin PBXVariantGroup section */
		4626AC8C1AA14FE800A77A0E /* Main.storyboard */ = {
			isa = PBXVariantGroup;
			children = (
				4626AC8D1AA14FE800A77A0E /* Base */,
			);
			name = Main.storyboard;
			sourceTree = "<group>";
		};
		4626AC911AA14FE800A77A0E /* LaunchScreen.xib */ = {
			isa = PBXVariantGroup;
			children = (
				4626AC921AA14FE800A77A0E /* Base */,
			);
			name = LaunchScreen.xib;
			sourceTree = "<group>";
		};
/* End PBXVariantGroup section */

/* Begin XCBuildConfiguration section */
		4626ACA01AA14FE800A77A0E /* Debug */ = {
			isa = XCBuildConfiguration;
			buildSettings = {
				ALWAYS_SEARCH_USER_PATHS = NO;
				CLANG_CXX_LANGUAGE_STANDARD = "gnu++0x";
				CLANG_CXX_LIBRARY = "libc++";
				CLANG_ENABLE_MODULES = YES;
				CLANG_ENABLE_OBJC_ARC = YES;
				CLANG_WARN_BOOL_CONVERSION = YES;
				CLANG_WARN_CONSTANT_CONVERSION = YES;
				CLANG_WARN_DIRECT_OBJC_ISA_USAGE = YES_ERROR;
				CLANG_WARN_EMPTY_BODY = YES;
				CLANG_WARN_ENUM_CONVERSION = YES;
				CLANG_WARN_INT_CONVERSION = YES;
				CLANG_WARN_OBJC_ROOT_CLASS = YES_ERROR;
				CLANG_WARN_UNREACHABLE_CODE = YES;
				CLANG_WARN__DUPLICATE_METHOD_MATCH = YES;
				"CODE_SIGN_IDENTITY[sdk=iphoneos*]" = "iPhone Developer";
				COPY_PHASE_STRIP = NO;
				ENABLE_STRICT_OBJC_MSGSEND = YES;
				GCC_C_LANGUAGE_STANDARD = gnu99;
				GCC_DYNAMIC_NO_PIC = NO;
				GCC_OPTIMIZATION_LEVEL = 0;
				GCC_PREPROCESSOR_DEFINITIONS = (
					"DEBUG=1",
					"$(inherited)",
				);
				GCC_SYMBOLS_PRIVATE_EXTERN = NO;
				GCC_WARN_64_TO_32_BIT_CONVERSION = YES;
				GCC_WARN_ABOUT_RETURN_TYPE = YES_ERROR;
				GCC_WARN_UNDECLARED_SELECTOR = YES;
				GCC_WARN_UNINITIALIZED_AUTOS = YES_AGGRESSIVE;
				GCC_WARN_UNUSED_FUNCTION = YES;
				GCC_WARN_UNUSED_VARIABLE = YES;
				IPHONEOS_DEPLOYMENT_TARGET = 8.1;
				MTL_ENABLE_DEBUG_INFO = YES;
				ONLY_ACTIVE_ARCH = YES;
				SDKROOT = iphoneos;
				SWIFT_OPTIMIZATION_LEVEL = "-Onone";
			};
			name = Debug;
		};
		4626ACA11AA14FE800A77A0E /* Release */ = {
			isa = XCBuildConfiguration;
			buildSettings = {
				ALWAYS_SEARCH_USER_PATHS = NO;
				CLANG_CXX_LANGUAGE_STANDARD = "gnu++0x";
				CLANG_CXX_LIBRARY = "libc++";
				CLANG_ENABLE_MODULES = YES;
				CLANG_ENABLE_OBJC_ARC = YES;
				CLANG_WARN_BOOL_CONVERSION = YES;
				CLANG_WARN_CONSTANT_CONVERSION = YES;
				CLANG_WARN_DIRECT_OBJC_ISA_USAGE = YES_ERROR;
				CLANG_WARN_EMPTY_BODY = YES;
				CLANG_WARN_ENUM_CONVERSION = YES;
				CLANG_WARN_INT_CONVERSION = YES;
				CLANG_WARN_OBJC_ROOT_CLASS = YES_ERROR;
				CLANG_WARN_UNREACHABLE_CODE = YES;
				CLANG_WARN__DUPLICATE_METHOD_MATCH = YES;
				"CODE_SIGN_IDENTITY[sdk=iphoneos*]" = "iPhone Developer";
				COPY_PHASE_STRIP = YES;
				ENABLE_NS_ASSERTIONS = NO;
				ENABLE_STRICT_OBJC_MSGSEND = YES;
				GCC_C_LANGUAGE_STANDARD = gnu99;
				GCC_WARN_64_TO_32_BIT_CONVERSION = YES;
				GCC_WARN_ABOUT_RETURN_TYPE = YES_ERROR;
				GCC_WARN_UNDECLARED_SELECTOR = YES;
				GCC_WARN_UNINITIALIZED_AUTOS = YES_AGGRESSIVE;
				GCC_WARN_UNUSED_FUNCTION = YES;
				GCC_WARN_UNUSED_VARIABLE = YES;
				IPHONEOS_DEPLOYMENT_TARGET = 8.1;
				MTL_ENABLE_DEBUG_INFO = NO;
				SDKROOT = iphoneos;
				VALIDATE_PRODUCT = YES;
			};
			name = Release;
		};
		4626ACA31AA14FE800A77A0E /* Debug */ = {
			isa = XCBuildConfiguration;
			buildSettings = {
				ASSETCATALOG_COMPILER_APPICON_NAME = AppIcon;
				INFOPLIST_FILE = testttt/Info.plist;
				LD_RUNPATH_SEARCH_PATHS = "$(inherited) @executable_path/Frameworks";
				PRODUCT_NAME = "$(TARGET_NAME)";
			};
			name = Debug;
		};
		4626ACA41AA14FE800A77A0E /* Release */ = {
			isa = XCBuildConfiguration;
			buildSettings = {
				ASSETCATALOG_COMPILER_APPICON_NAME = AppIcon;
				INFOPLIST_FILE = testttt/Info.plist;
				LD_RUNPATH_SEARCH_PATHS = "$(inherited) @executable_path/Frameworks";
				PRODUCT_NAME = "$(TARGET_NAME)";
			};
			name = Release;
		};
		4626ACA61AA14FE800A77A0E /* Debug */ = {
			isa = XCBuildConfiguration;
			buildSettings = {
				BUNDLE_LOADER = "$(TEST_HOST)";
				FRAMEWORK_SEARCH_PATHS = (
					"$(SDKROOT)/Developer/Library/Frameworks",
					"$(inherited)",
				);
				GCC_PREPROCESSOR_DEFINITIONS = (
					"DEBUG=1",
					"$(inherited)",
				);
				INFOPLIST_FILE = testtttTests/Info.plist;
				LD_RUNPATH_SEARCH_PATHS = "$(inherited) @executable_path/Frameworks @loader_path/Frameworks";
				PRODUCT_NAME = "$(TARGET_NAME)";
				TEST_HOST = "$(BUILT_PRODUCTS_DIR)/testttt.app/testttt";
			};
			name = Debug;
		};
		4626ACA71AA14FE800A77A0E /* Release */ = {
			isa = XCBuildConfiguration;
			buildSettings = {
				BUNDLE_LOADER = "$(TEST_HOST)";
				FRAMEWORK_SEARCH_PATHS = (
					"$(SDKROOT)/Developer/Library/Frameworks",
					"$(inherited)",
				);
				INFOPLIST_FILE = testtttTests/Info.plist;
				LD_RUNPATH_SEARCH_PATHS = "$(inherited) @executable_path/Frameworks @loader_path/Frameworks";
				PRODUCT_NAME = "$(TARGET_NAME)";
				TEST_HOST = "$(BUILT_PRODUCTS_DIR)/testttt.app/testttt";
			};
			name = Release;
		};
/* End XCBuildConfiguration section */

/* Begin XCConfigurationList section */
		4626AC7E1AA14FE800A77A0E /* Build configuration list for PBXProject "testttt" */ = {
			isa = XCConfigurationList;
			buildConfigurations = (
				4626ACA01AA14FE800A77A0E /* Debug */,
				4626ACA11AA14FE800A77A0E /* Release */,
			);
			defaultConfigurationIsVisible = 0;
			defaultConfigurationName = Release;
		};
		4626ACA21AA14FE800A77A0E /* Build configuration list for PBXNativeTarget "testttt" */ = {
			isa = XCConfigurationList;
			buildConfigurations = (
				4626ACA31AA14FE800A77A0E /* Debug */,
				4626ACA41AA14FE800A77A0E /* Release */,
			);
			defaultConfigurationIsVisible = 0;
		};
		4626ACA51AA14FE800A77A0E /* Build configuration list for PBXNativeTarget "testtttTests" */ = {
			isa = XCConfigurationList;
			buildConfigurations = (
				4626ACA61AA14FE800A77A0E /* Debug */,
				4626ACA71AA14FE800A77A0E /* Release */,
			);
			defaultConfigurationIsVisible = 0;
		};
/* End XCConfigurationList section */
	};
	rootObject = 4626AC7B1AA14FE800A77A0E /* Project object */;
}
